// !$*UTF8*$!
{
	archiveVersion = 1;
	classes = {
	};
	objectVersion = 46;
	objects = {

/* Begin PBXBuildFile section */
		2D42277F1BB4365C000C1A6C /* SRWebSocket.h in Headers */ = {isa = PBXBuildFile; fileRef = F6A12CCF145119B700C1D980 /* SRWebSocket.h */; settings = {ATTRIBUTES = (Public, ); }; };
		2D4227801BB43693000C1A6C /* Foundation.framework in Frameworks */ = {isa = PBXBuildFile; fileRef = F6B208301450F597009315AF /* Foundation.framework */; };
		2D4227831BB436B1000C1A6C /* Security.framework in Frameworks */ = {isa = PBXBuildFile; fileRef = F6A12CD3145122FC00C1D980 /* Security.framework */; };
		2D4227851BB43734000C1A6C /* SRWebSocket.m in Sources */ = {isa = PBXBuildFile; fileRef = F6A12CD0145119B700C1D980 /* SRWebSocket.m */; };
		3345DC841C52ACD70083CCB8 /* SRWebSocket.m in Sources */ = {isa = PBXBuildFile; fileRef = F6A12CD0145119B700C1D980 /* SRWebSocket.m */; };
		3345DC871C52ACD70083CCB8 /* Security.framework in Frameworks */ = {isa = PBXBuildFile; fileRef = F6A12CD3145122FC00C1D980 /* Security.framework */; };
		3345DC881C52ACD70083CCB8 /* Foundation.framework in Frameworks */ = {isa = PBXBuildFile; fileRef = F6B208301450F597009315AF /* Foundation.framework */; };
		3345DC8A1C52ACD70083CCB8 /* SRWebSocket.h in Headers */ = {isa = PBXBuildFile; fileRef = F6A12CCF145119B700C1D980 /* SRWebSocket.h */; settings = {ATTRIBUTES = (Public, ); }; };
		454A02D61D0FAD010060DFB2 /* SRSecurityPolicy.h in Headers */ = {isa = PBXBuildFile; fileRef = 454A02D41D0FAD010060DFB2 /* SRSecurityPolicy.h */; settings = {ATTRIBUTES = (Public, ); }; };
		454A02D71D0FAD010060DFB2 /* SRSecurityPolicy.h in Headers */ = {isa = PBXBuildFile; fileRef = 454A02D41D0FAD010060DFB2 /* SRSecurityPolicy.h */; settings = {ATTRIBUTES = (Public, ); }; };
		454A02D81D0FAD010060DFB2 /* SRSecurityPolicy.h in Headers */ = {isa = PBXBuildFile; fileRef = 454A02D41D0FAD010060DFB2 /* SRSecurityPolicy.h */; settings = {ATTRIBUTES = (Public, ); }; };
		454FEA851D25719900073768 /* SRSecurityPolicy.m in Sources */ = {isa = PBXBuildFile; fileRef = 454FEA831D25717C00073768 /* SRSecurityPolicy.m */; };
		454FEA861D25719A00073768 /* SRSecurityPolicy.m in Sources */ = {isa = PBXBuildFile; fileRef = 454FEA831D25717C00073768 /* SRSecurityPolicy.m */; };
		454FEA871D25719A00073768 /* SRSecurityPolicy.m in Sources */ = {isa = PBXBuildFile; fileRef = 454FEA831D25717C00073768 /* SRSecurityPolicy.m */; };
		8105E4801CDD67B400AA12DB /* SRAutobahnTests.m in Sources */ = {isa = PBXBuildFile; fileRef = 8105E47A1CDD679A00AA12DB /* SRAutobahnTests.m */; };
		8105E4821CDD67BD00AA12DB /* SRTWebSocketOperation.m in Sources */ = {isa = PBXBuildFile; fileRef = 8105E4771CDD679A00AA12DB /* SRTWebSocketOperation.m */; };
		8105E4AE1CDD6E6200AA12DB /* SRAutobahnOperation.m in Sources */ = {isa = PBXBuildFile; fileRef = 8105E4AD1CDD6E6200AA12DB /* SRAutobahnOperation.m */; };
		8105E5281CDD98E100AA12DB /* autobahn_configuration.json in Resources */ = {isa = PBXBuildFile; fileRef = 8105E5271CDD98E100AA12DB /* autobahn_configuration.json */; };
		811934BC1CDAF725003AB243 /* SocketRocket.h in Headers */ = {isa = PBXBuildFile; fileRef = 555E0EB11C51E56D00E6BB92 /* SocketRocket.h */; settings = {ATTRIBUTES = (Public, ); }; };
		811934BE1CDAF725003AB243 /* SocketRocket.h in Headers */ = {isa = PBXBuildFile; fileRef = 555E0EB11C51E56D00E6BB92 /* SocketRocket.h */; settings = {ATTRIBUTES = (Public, ); }; };
		811934C01CDAF726003AB243 /* SocketRocket.h in Headers */ = {isa = PBXBuildFile; fileRef = 555E0EB11C51E56D00E6BB92 /* SocketRocket.h */; settings = {ATTRIBUTES = (Public, ); }; };
		817996801CE184F40084DA37 /* SRAutobahnUtilities.m in Sources */ = {isa = PBXBuildFile; fileRef = 8179967F1CE184F40084DA37 /* SRAutobahnUtilities.m */; };
		81AFCD661D4C431C00B3AFC9 /* libicucore.tbd in Frameworks */ = {isa = PBXBuildFile; fileRef = 81AFCD651D4C431C00B3AFC9 /* libicucore.tbd */; };
		81C68CD41D2CBE0A00A1D005 /* CFNetwork.framework in Frameworks */ = {isa = PBXBuildFile; fileRef = 81C68CD31D2CBE0A00A1D005 /* CFNetwork.framework */; };
		81C68CDF1D2CBE1900A1D005 /* CFNetwork.framework in Frameworks */ = {isa = PBXBuildFile; fileRef = 81C68CDE1D2CBE1900A1D005 /* CFNetwork.framework */; };
		81C68CEE1D2CBE9400A1D005 /* CFNetwork.framework in Frameworks */ = {isa = PBXBuildFile; fileRef = F6A12CD51451231B00C1D980 /* CFNetwork.framework */; };
		81C68CF11D2CBE9F00A1D005 /* libicucore.tbd in Frameworks */ = {isa = PBXBuildFile; fileRef = 81C68CF01D2CBE9F00A1D005 /* libicucore.tbd */; };
		81C68CF61D2CBED100A1D005 /* Security.framework in Frameworks */ = {isa = PBXBuildFile; fileRef = F6A12CD3145122FC00C1D980 /* Security.framework */; };
		81C68D071D2CBF6A00A1D005 /* libicucore.A.tbd in Frameworks */ = {isa = PBXBuildFile; fileRef = 81C68D061D2CBF6A00A1D005 /* libicucore.A.tbd */; };
		81C68D0E1D2CBFA800A1D005 /* libicucore.A.tbd in Frameworks */ = {isa = PBXBuildFile; fileRef = 81C68D0D1D2CBFA800A1D005 /* libicucore.A.tbd */; };
		81CD05D81CEEC47300497F47 /* NSURLRequest+SRWebSocket.h in Headers */ = {isa = PBXBuildFile; fileRef = 81CD05D51CEEC47300497F47 /* NSURLRequest+SRWebSocket.h */; settings = {ATTRIBUTES = (Public, ); }; };
		81CD05D91CEEC47300497F47 /* NSURLRequest+SRWebSocket.h in Headers */ = {isa = PBXBuildFile; fileRef = 81CD05D51CEEC47300497F47 /* NSURLRequest+SRWebSocket.h */; settings = {ATTRIBUTES = (Public, ); }; };
		81CD05DA1CEEC47300497F47 /* NSURLRequest+SRWebSocket.h in Headers */ = {isa = PBXBuildFile; fileRef = 81CD05D51CEEC47300497F47 /* NSURLRequest+SRWebSocket.h */; settings = {ATTRIBUTES = (Public, ); }; };
		81CD05DC1CEEC47300497F47 /* NSURLRequest+SRWebSocket.m in Sources */ = {isa = PBXBuildFile; fileRef = 81CD05D61CEEC47300497F47 /* NSURLRequest+SRWebSocket.m */; };
		81CD05DD1CEEC47300497F47 /* NSURLRequest+SRWebSocket.m in Sources */ = {isa = PBXBuildFile; fileRef = 81CD05D61CEEC47300497F47 /* NSURLRequest+SRWebSocket.m */; };
		81CD05DE1CEEC47300497F47 /* NSURLRequest+SRWebSocket.m in Sources */ = {isa = PBXBuildFile; fileRef = 81CD05D61CEEC47300497F47 /* NSURLRequest+SRWebSocket.m */; };
		81CD05FE1CEEC65D00497F47 /* NSRunLoop+SRWebSocket.h in Headers */ = {isa = PBXBuildFile; fileRef = 81CD05FB1CEEC65D00497F47 /* NSRunLoop+SRWebSocket.h */; settings = {ATTRIBUTES = (Public, ); }; };
		81CD05FF1CEEC65D00497F47 /* NSRunLoop+SRWebSocket.h in Headers */ = {isa = PBXBuildFile; fileRef = 81CD05FB1CEEC65D00497F47 /* NSRunLoop+SRWebSocket.h */; settings = {ATTRIBUTES = (Public, ); }; };
		81CD06001CEEC65D00497F47 /* NSRunLoop+SRWebSocket.h in Headers */ = {isa = PBXBuildFile; fileRef = 81CD05FB1CEEC65D00497F47 /* NSRunLoop+SRWebSocket.h */; settings = {ATTRIBUTES = (Public, ); }; };
		81CD06021CEEC65D00497F47 /* NSRunLoop+SRWebSocket.m in Sources */ = {isa = PBXBuildFile; fileRef = 81CD05FC1CEEC65D00497F47 /* NSRunLoop+SRWebSocket.m */; };
		81CD06031CEEC65D00497F47 /* NSRunLoop+SRWebSocket.m in Sources */ = {isa = PBXBuildFile; fileRef = 81CD05FC1CEEC65D00497F47 /* NSRunLoop+SRWebSocket.m */; };
		81CD06041CEEC65D00497F47 /* NSRunLoop+SRWebSocket.m in Sources */ = {isa = PBXBuildFile; fileRef = 81CD05FC1CEEC65D00497F47 /* NSRunLoop+SRWebSocket.m */; };
		81DCD1241D2D9235002501A2 /* libicucore.A.tbd in Frameworks */ = {isa = PBXBuildFile; fileRef = 81C68D0D1D2CBFA800A1D005 /* libicucore.A.tbd */; };
		DC0D64472D7835C200E6BF5C /* NSRunLoop+SRWebSocketPrivate.h in Headers */ = {isa = PBXBuildFile; fileRef = DC0D64432D7835C200E6BF5C /* NSRunLoop+SRWebSocketPrivate.h */; };
		DC0D64482D7835C200E6BF5C /* NSURLRequest+SRWebSocketPrivate.h in Headers */ = {isa = PBXBuildFile; fileRef = DC0D64442D7835C200E6BF5C /* NSURLRequest+SRWebSocketPrivate.h */; };
		DC0D64492D7835C200E6BF5C /* SRConstants.h in Headers */ = {isa = PBXBuildFile; fileRef = DC0D64452D7835C200E6BF5C /* SRConstants.h */; };
		DC0D644A2D7835C200E6BF5C /* SRConstants.m in Sources */ = {isa = PBXBuildFile; fileRef = DC0D64462D7835C200E6BF5C /* SRConstants.m */; };
		DC0D644B2D7835C200E6BF5C /* NSRunLoop+SRWebSocketPrivate.h in Headers */ = {isa = PBXBuildFile; fileRef = DC0D64432D7835C200E6BF5C /* NSRunLoop+SRWebSocketPrivate.h */; };
		DC0D644C2D7835C200E6BF5C /* NSURLRequest+SRWebSocketPrivate.h in Headers */ = {isa = PBXBuildFile; fileRef = DC0D64442D7835C200E6BF5C /* NSURLRequest+SRWebSocketPrivate.h */; };
		DC0D644D2D7835C200E6BF5C /* SRConstants.h in Headers */ = {isa = PBXBuildFile; fileRef = DC0D64452D7835C200E6BF5C /* SRConstants.h */; };
		DC0D644E2D7835C200E6BF5C /* SRConstants.m in Sources */ = {isa = PBXBuildFile; fileRef = DC0D64462D7835C200E6BF5C /* SRConstants.m */; };
		DC0D644F2D7835C200E6BF5C /* NSRunLoop+SRWebSocketPrivate.h in Headers */ = {isa = PBXBuildFile; fileRef = DC0D64432D7835C200E6BF5C /* NSRunLoop+SRWebSocketPrivate.h */; };
		DC0D64502D7835C200E6BF5C /* NSURLRequest+SRWebSocketPrivate.h in Headers */ = {isa = PBXBuildFile; fileRef = DC0D64442D7835C200E6BF5C /* NSURLRequest+SRWebSocketPrivate.h */; };
		DC0D64512D7835C200E6BF5C /* SRConstants.h in Headers */ = {isa = PBXBuildFile; fileRef = DC0D64452D7835C200E6BF5C /* SRConstants.h */; };
		DC0D64522D7835C200E6BF5C /* SRConstants.m in Sources */ = {isa = PBXBuildFile; fileRef = DC0D64462D7835C200E6BF5C /* SRConstants.m */; };
		DC0D64552D7835CD00E6BF5C /* SRDelegateController.h in Headers */ = {isa = PBXBuildFile; fileRef = DC0D64532D7835CD00E6BF5C /* SRDelegateController.h */; };
		DC0D64562D7835CD00E6BF5C /* SRDelegateController.m in Sources */ = {isa = PBXBuildFile; fileRef = DC0D64542D7835CD00E6BF5C /* SRDelegateController.m */; };
		DC0D64572D7835CE00E6BF5C /* SRDelegateController.h in Headers */ = {isa = PBXBuildFile; fileRef = DC0D64532D7835CD00E6BF5C /* SRDelegateController.h */; };
		DC0D64582D7835CE00E6BF5C /* SRDelegateController.m in Sources */ = {isa = PBXBuildFile; fileRef = DC0D64542D7835CD00E6BF5C /* SRDelegateController.m */; };
		DC0D64592D7835CE00E6BF5C /* SRDelegateController.h in Headers */ = {isa = PBXBuildFile; fileRef = DC0D64532D7835CD00E6BF5C /* SRDelegateController.h */; };
		DC0D645A2D7835CE00E6BF5C /* SRDelegateController.m in Sources */ = {isa = PBXBuildFile; fileRef = DC0D64542D7835CD00E6BF5C /* SRDelegateController.m */; };
		DC0D645F2D7835D700E6BF5C /* SRIOConsumerPool.h in Headers */ = {isa = PBXBuildFile; fileRef = DC0D645D2D7835D700E6BF5C /* SRIOConsumerPool.h */; };
		DC0D64602D7835D700E6BF5C /* SRIOConsumer.h in Headers */ = {isa = PBXBuildFile; fileRef = DC0D645B2D7835D700E6BF5C /* SRIOConsumer.h */; };
		DC0D64612D7835D700E6BF5C /* SRIOConsumer.m in Sources */ = {isa = PBXBuildFile; fileRef = DC0D645C2D7835D700E6BF5C /* SRIOConsumer.m */; };
		DC0D64622D7835D700E6BF5C /* SRIOConsumerPool.m in Sources */ = {isa = PBXBuildFile; fileRef = DC0D645E2D7835D700E6BF5C /* SRIOConsumerPool.m */; };
		DC0D64632D7835D700E6BF5C /* SRIOConsumer.m in Sources */ = {isa = PBXBuildFile; fileRef = DC0D645C2D7835D700E6BF5C /* SRIOConsumer.m */; };
		DC0D64642D7835D700E6BF5C /* SRIOConsumerPool.m in Sources */ = {isa = PBXBuildFile; fileRef = DC0D645E2D7835D700E6BF5C /* SRIOConsumerPool.m */; };
		DC0D64652D7835D700E6BF5C /* SRIOConsumerPool.h in Headers */ = {isa = PBXBuildFile; fileRef = DC0D645D2D7835D700E6BF5C /* SRIOConsumerPool.h */; };
		DC0D64662D7835D700E6BF5C /* SRIOConsumer.h in Headers */ = {isa = PBXBuildFile; fileRef = DC0D645B2D7835D700E6BF5C /* SRIOConsumer.h */; };
		DC0D64672D7835D700E6BF5C /* SRIOConsumer.m in Sources */ = {isa = PBXBuildFile; fileRef = DC0D645C2D7835D700E6BF5C /* SRIOConsumer.m */; };
		DC0D64682D7835D700E6BF5C /* SRIOConsumerPool.m in Sources */ = {isa = PBXBuildFile; fileRef = DC0D645E2D7835D700E6BF5C /* SRIOConsumerPool.m */; };
		DC0D64692D7835D700E6BF5C /* SRIOConsumerPool.h in Headers */ = {isa = PBXBuildFile; fileRef = DC0D645D2D7835D700E6BF5C /* SRIOConsumerPool.h */; };
		DC0D646A2D7835D700E6BF5C /* SRIOConsumer.h in Headers */ = {isa = PBXBuildFile; fileRef = DC0D645B2D7835D700E6BF5C /* SRIOConsumer.h */; };
		DC0D646D2D7835DF00E6BF5C /* SRProxyConnect.h in Headers */ = {isa = PBXBuildFile; fileRef = DC0D646B2D7835DF00E6BF5C /* SRProxyConnect.h */; };
		DC0D646E2D7835DF00E6BF5C /* SRProxyConnect.m in Sources */ = {isa = PBXBuildFile; fileRef = DC0D646C2D7835DF00E6BF5C /* SRProxyConnect.m */; };
		DC0D646F2D7835DF00E6BF5C /* SRProxyConnect.m in Sources */ = {isa = PBXBuildFile; fileRef = DC0D646C2D7835DF00E6BF5C /* SRProxyConnect.m */; };
		DC0D64702D7835DF00E6BF5C /* SRProxyConnect.h in Headers */ = {isa = PBXBuildFile; fileRef = DC0D646B2D7835DF00E6BF5C /* SRProxyConnect.h */; };
		DC0D64712D7835DF00E6BF5C /* SRProxyConnect.m in Sources */ = {isa = PBXBuildFile; fileRef = DC0D646C2D7835DF00E6BF5C /* SRProxyConnect.m */; };
		DC0D64722D7835DF00E6BF5C /* SRProxyConnect.h in Headers */ = {isa = PBXBuildFile; fileRef = DC0D646B2D7835DF00E6BF5C /* SRProxyConnect.h */; };
		DC0D64752D7835E700E6BF5C /* SRRunLoopThread.h in Headers */ = {isa = PBXBuildFile; fileRef = DC0D64732D7835E700E6BF5C /* SRRunLoopThread.h */; };
		DC0D64762D7835E700E6BF5C /* SRRunLoopThread.m in Sources */ = {isa = PBXBuildFile; fileRef = DC0D64742D7835E700E6BF5C /* SRRunLoopThread.m */; };
		DC0D64772D7835E700E6BF5C /* SRRunLoopThread.h in Headers */ = {isa = PBXBuildFile; fileRef = DC0D64732D7835E700E6BF5C /* SRRunLoopThread.h */; };
		DC0D64782D7835E700E6BF5C /* SRRunLoopThread.m in Sources */ = {isa = PBXBuildFile; fileRef = DC0D64742D7835E700E6BF5C /* SRRunLoopThread.m */; };
		DC0D64792D7835E700E6BF5C /* SRRunLoopThread.h in Headers */ = {isa = PBXBuildFile; fileRef = DC0D64732D7835E700E6BF5C /* SRRunLoopThread.h */; };
		DC0D647A2D7835E700E6BF5C /* SRRunLoopThread.m in Sources */ = {isa = PBXBuildFile; fileRef = DC0D64742D7835E700E6BF5C /* SRRunLoopThread.m */; };
		DC0D648D2D7835F800E6BF5C /* SRMutex.h in Headers */ = {isa = PBXBuildFile; fileRef = DC0D64832D7835F800E6BF5C /* SRMutex.h */; };
		DC0D648E2D7835F800E6BF5C /* SRPinningSecurityPolicy.h in Headers */ = {isa = PBXBuildFile; fileRef = DC0D64852D7835F800E6BF5C /* SRPinningSecurityPolicy.h */; };
		DC0D648F2D7835F800E6BF5C /* SRHTTPConnectMessage.h in Headers */ = {isa = PBXBuildFile; fileRef = DC0D647F2D7835F800E6BF5C /* SRHTTPConnectMessage.h */; };
		DC0D64902D7835F800E6BF5C /* SRRandom.h in Headers */ = {isa = PBXBuildFile; fileRef = DC0D64872D7835F800E6BF5C /* SRRandom.h */; };
		DC0D64912D7835F800E6BF5C /* SRHash.h in Headers */ = {isa = PBXBuildFile; fileRef = DC0D647D2D7835F800E6BF5C /* SRHash.h */; };
		DC0D64922D7835F800E6BF5C /* SRError.h in Headers */ = {isa = PBXBuildFile; fileRef = DC0D647B2D7835F800E6BF5C /* SRError.h */; };
		DC0D64932D7835F800E6BF5C /* SRSIMDHelpers.h in Headers */ = {isa = PBXBuildFile; fileRef = DC0D64892D7835F800E6BF5C /* SRSIMDHelpers.h */; };
		DC0D64942D7835F800E6BF5C /* SRLog.h in Headers */ = {isa = PBXBuildFile; fileRef = DC0D64812D7835F800E6BF5C /* SRLog.h */; };
		DC0D64952D7835F800E6BF5C /* SRURLUtilities.h in Headers */ = {isa = PBXBuildFile; fileRef = DC0D648B2D7835F800E6BF5C /* SRURLUtilities.h */; };
		DC0D64962D7835F800E6BF5C /* SRURLUtilities.m in Sources */ = {isa = PBXBuildFile; fileRef = DC0D648C2D7835F800E6BF5C /* SRURLUtilities.m */; };
		DC0D64972D7835F800E6BF5C /* SRSIMDHelpers.m in Sources */ = {isa = PBXBuildFile; fileRef = DC0D648A2D7835F800E6BF5C /* SRSIMDHelpers.m */; };
		DC0D64982D7835F800E6BF5C /* SRHTTPConnectMessage.m in Sources */ = {isa = PBXBuildFile; fileRef = DC0D64802D7835F800E6BF5C /* SRHTTPConnectMessage.m */; };
		DC0D64992D7835F800E6BF5C /* SRHash.m in Sources */ = {isa = PBXBuildFile; fileRef = DC0D647E2D7835F800E6BF5C /* SRHash.m */; };
		DC0D649A2D7835F800E6BF5C /* SRRandom.m in Sources */ = {isa = PBXBuildFile; fileRef = DC0D64882D7835F800E6BF5C /* SRRandom.m */; };
		DC0D649B2D7835F800E6BF5C /* SRMutex.m in Sources */ = {isa = PBXBuildFile; fileRef = DC0D64842D7835F800E6BF5C /* SRMutex.m */; };
		DC0D649C2D7835F800E6BF5C /* SRLog.m in Sources */ = {isa = PBXBuildFile; fileRef = DC0D64822D7835F800E6BF5C /* SRLog.m */; };
		DC0D649D2D7835F800E6BF5C /* SRPinningSecurityPolicy.m in Sources */ = {isa = PBXBuildFile; fileRef = DC0D64862D7835F800E6BF5C /* SRPinningSecurityPolicy.m */; };
		DC0D649E2D7835F800E6BF5C /* SRError.m in Sources */ = {isa = PBXBuildFile; fileRef = DC0D647C2D7835F800E6BF5C /* SRError.m */; };
		DC0D649F2D7835F800E6BF5C /* SRMutex.h in Headers */ = {isa = PBXBuildFile; fileRef = DC0D64832D7835F800E6BF5C /* SRMutex.h */; };
		DC0D64A02D7835F800E6BF5C /* SRPinningSecurityPolicy.h in Headers */ = {isa = PBXBuildFile; fileRef = DC0D64852D7835F800E6BF5C /* SRPinningSecurityPolicy.h */; };
		DC0D64A12D7835F800E6BF5C /* SRHTTPConnectMessage.h in Headers */ = {isa = PBXBuildFile; fileRef = DC0D647F2D7835F800E6BF5C /* SRHTTPConnectMessage.h */; };
		DC0D64A22D7835F800E6BF5C /* SRRandom.h in Headers */ = {isa = PBXBuildFile; fileRef = DC0D64872D7835F800E6BF5C /* SRRandom.h */; };
		DC0D64A32D7835F800E6BF5C /* SRHash.h in Headers */ = {isa = PBXBuildFile; fileRef = DC0D647D2D7835F800E6BF5C /* SRHash.h */; };
		DC0D64A42D7835F800E6BF5C /* SRError.h in Headers */ = {isa = PBXBuildFile; fileRef = DC0D647B2D7835F800E6BF5C /* SRError.h */; };
		DC0D64A52D7835F800E6BF5C /* SRSIMDHelpers.h in Headers */ = {isa = PBXBuildFile; fileRef = DC0D64892D7835F800E6BF5C /* SRSIMDHelpers.h */; };
		DC0D64A62D7835F800E6BF5C /* SRLog.h in Headers */ = {isa = PBXBuildFile; fileRef = DC0D64812D7835F800E6BF5C /* SRLog.h */; };
		DC0D64A72D7835F800E6BF5C /* SRURLUtilities.h in Headers */ = {isa = PBXBuildFile; fileRef = DC0D648B2D7835F800E6BF5C /* SRURLUtilities.h */; };
		DC0D64A82D7835F800E6BF5C /* SRURLUtilities.m in Sources */ = {isa = PBXBuildFile; fileRef = DC0D648C2D7835F800E6BF5C /* SRURLUtilities.m */; };
		DC0D64A92D7835F800E6BF5C /* SRSIMDHelpers.m in Sources */ = {isa = PBXBuildFile; fileRef = DC0D648A2D7835F800E6BF5C /* SRSIMDHelpers.m */; };
		DC0D64AA2D7835F800E6BF5C /* SRHTTPConnectMessage.m in Sources */ = {isa = PBXBuildFile; fileRef = DC0D64802D7835F800E6BF5C /* SRHTTPConnectMessage.m */; };
		DC0D64AB2D7835F800E6BF5C /* SRHash.m in Sources */ = {isa = PBXBuildFile; fileRef = DC0D647E2D7835F800E6BF5C /* SRHash.m */; };
		DC0D64AC2D7835F800E6BF5C /* SRRandom.m in Sources */ = {isa = PBXBuildFile; fileRef = DC0D64882D7835F800E6BF5C /* SRRandom.m */; };
		DC0D64AD2D7835F800E6BF5C /* SRMutex.m in Sources */ = {isa = PBXBuildFile; fileRef = DC0D64842D7835F800E6BF5C /* SRMutex.m */; };
		DC0D64AE2D7835F800E6BF5C /* SRLog.m in Sources */ = {isa = PBXBuildFile; fileRef = DC0D64822D7835F800E6BF5C /* SRLog.m */; };
		DC0D64AF2D7835F800E6BF5C /* SRPinningSecurityPolicy.m in Sources */ = {isa = PBXBuildFile; fileRef = DC0D64862D7835F800E6BF5C /* SRPinningSecurityPolicy.m */; };
		DC0D64B02D7835F800E6BF5C /* SRError.m in Sources */ = {isa = PBXBuildFile; fileRef = DC0D647C2D7835F800E6BF5C /* SRError.m */; };
		DC0D64B12D7835F800E6BF5C /* SRMutex.h in Headers */ = {isa = PBXBuildFile; fileRef = DC0D64832D7835F800E6BF5C /* SRMutex.h */; };
		DC0D64B22D7835F800E6BF5C /* SRPinningSecurityPolicy.h in Headers */ = {isa = PBXBuildFile; fileRef = DC0D64852D7835F800E6BF5C /* SRPinningSecurityPolicy.h */; };
		DC0D64B32D7835F800E6BF5C /* SRHTTPConnectMessage.h in Headers */ = {isa = PBXBuildFile; fileRef = DC0D647F2D7835F800E6BF5C /* SRHTTPConnectMessage.h */; };
		DC0D64B42D7835F800E6BF5C /* SRRandom.h in Headers */ = {isa = PBXBuildFile; fileRef = DC0D64872D7835F800E6BF5C /* SRRandom.h */; };
		DC0D64B52D7835F800E6BF5C /* SRHash.h in Headers */ = {isa = PBXBuildFile; fileRef = DC0D647D2D7835F800E6BF5C /* SRHash.h */; };
		DC0D64B62D7835F800E6BF5C /* SRError.h in Headers */ = {isa = PBXBuildFile; fileRef = DC0D647B2D7835F800E6BF5C /* SRError.h */; };
		DC0D64B72D7835F800E6BF5C /* SRSIMDHelpers.h in Headers */ = {isa = PBXBuildFile; fileRef = DC0D64892D7835F800E6BF5C /* SRSIMDHelpers.h */; };
		DC0D64B82D7835F800E6BF5C /* SRLog.h in Headers */ = {isa = PBXBuildFile; fileRef = DC0D64812D7835F800E6BF5C /* SRLog.h */; };
		DC0D64B92D7835F800E6BF5C /* SRURLUtilities.h in Headers */ = {isa = PBXBuildFile; fileRef = DC0D648B2D7835F800E6BF5C /* SRURLUtilities.h */; };
		DC0D64BA2D7835F800E6BF5C /* SRURLUtilities.m in Sources */ = {isa = PBXBuildFile; fileRef = DC0D648C2D7835F800E6BF5C /* SRURLUtilities.m */; };
		DC0D64BB2D7835F800E6BF5C /* SRSIMDHelpers.m in Sources */ = {isa = PBXBuildFile; fileRef = DC0D648A2D7835F800E6BF5C /* SRSIMDHelpers.m */; };
		DC0D64BC2D7835F800E6BF5C /* SRHTTPConnectMessage.m in Sources */ = {isa = PBXBuildFile; fileRef = DC0D64802D7835F800E6BF5C /* SRHTTPConnectMessage.m */; };
		DC0D64BD2D7835F800E6BF5C /* SRHash.m in Sources */ = {isa = PBXBuildFile; fileRef = DC0D647E2D7835F800E6BF5C /* SRHash.m */; };
		DC0D64BE2D7835F800E6BF5C /* SRRandom.m in Sources */ = {isa = PBXBuildFile; fileRef = DC0D64882D7835F800E6BF5C /* SRRandom.m */; };
		DC0D64BF2D7835F800E6BF5C /* SRMutex.m in Sources */ = {isa = PBXBuildFile; fileRef = DC0D64842D7835F800E6BF5C /* SRMutex.m */; };
		DC0D64C02D7835F800E6BF5C /* SRLog.m in Sources */ = {isa = PBXBuildFile; fileRef = DC0D64822D7835F800E6BF5C /* SRLog.m */; };
		DC0D64C12D7835F800E6BF5C /* SRPinningSecurityPolicy.m in Sources */ = {isa = PBXBuildFile; fileRef = DC0D64862D7835F800E6BF5C /* SRPinningSecurityPolicy.m */; };
		DC0D64C22D7835F800E6BF5C /* SRError.m in Sources */ = {isa = PBXBuildFile; fileRef = DC0D647C2D7835F800E6BF5C /* SRError.m */; };
		F6016C8814620EC70037BB3D /* Security.framework in Frameworks */ = {isa = PBXBuildFile; fileRef = F6A12CD3145122FC00C1D980 /* Security.framework */; };
		F61A0DC81625F44D00365EBD /* Default-568h@2x.png in Resources */ = {isa = PBXBuildFile; fileRef = F61A0DC71625F44D00365EBD /* Default-568h@2x.png */; };
		F62417E614D52F3C003CE997 /* UIKit.framework in Frameworks */ = {isa = PBXBuildFile; fileRef = F62417E514D52F3C003CE997 /* UIKit.framework */; };
		F62417E714D52F3C003CE997 /* Foundation.framework in Frameworks */ = {isa = PBXBuildFile; fileRef = F6B208301450F597009315AF /* Foundation.framework */; };
		F62417EF14D52F3C003CE997 /* InfoPlist.strings in Resources */ = {isa = PBXBuildFile; fileRef = F62417ED14D52F3C003CE997 /* InfoPlist.strings */; };
		F62417F114D52F3C003CE997 /* main.m in Sources */ = {isa = PBXBuildFile; fileRef = F62417F014D52F3C003CE997 /* main.m */; };
		F62417F514D52F3C003CE997 /* TCAppDelegate.m in Sources */ = {isa = PBXBuildFile; fileRef = F62417F414D52F3C003CE997 /* TCAppDelegate.m */; };
		F62417F814D52F3C003CE997 /* MainStoryboard.storyboard in Resources */ = {isa = PBXBuildFile; fileRef = F62417F614D52F3C003CE997 /* MainStoryboard.storyboard */; };
		F62417FB14D52F3C003CE997 /* TCViewController.m in Sources */ = {isa = PBXBuildFile; fileRef = F62417FA14D52F3C003CE997 /* TCViewController.m */; };
		F624180114D5300C003CE997 /* TCChatCell.m in Sources */ = {isa = PBXBuildFile; fileRef = F624180014D5300C003CE997 /* TCChatCell.m */; };
		F624180314D53449003CE997 /* CFNetwork.framework in Frameworks */ = {isa = PBXBuildFile; fileRef = F6A12CD51451231B00C1D980 /* CFNetwork.framework */; };
		F624180414D53449003CE997 /* Security.framework in Frameworks */ = {isa = PBXBuildFile; fileRef = F6A12CD3145122FC00C1D980 /* Security.framework */; };
		F6396B86153E67EC00345B5E /* SRWebSocket.m in Sources */ = {isa = PBXBuildFile; fileRef = F6A12CD0145119B700C1D980 /* SRWebSocket.m */; };
		F668C8AA153E92F90044DBAC /* SRWebSocket.h in Headers */ = {isa = PBXBuildFile; fileRef = F6A12CCF145119B700C1D980 /* SRWebSocket.h */; settings = {ATTRIBUTES = (Public, ); }; };
		F6AE45241459071C0022AF3C /* CFNetwork.framework in Frameworks */ = {isa = PBXBuildFile; fileRef = F6A12CD51451231B00C1D980 /* CFNetwork.framework */; };
		F6BDA806145900D200FE3253 /* Foundation.framework in Frameworks */ = {isa = PBXBuildFile; fileRef = F6B208301450F597009315AF /* Foundation.framework */; };
/* End PBXBuildFile section */

/* Begin PBXContainerItemProxy section */
		81E8A6A01D4C41DA00916C7E /* PBXContainerItemProxy */ = {
			isa = PBXContainerItemProxy;
			containerPortal = F6B208241450F597009315AF /* Project object */;
			proxyType = 1;
			remoteGlobalIDString = 2D4227611BB4358C000C1A6C;
			remoteInfo = "SocketRocket-iOS-Dynamic";
		};
/* End PBXContainerItemProxy section */

/* Begin PBXCopyFilesBuildPhase section */
		81E8A6A61D4C41E000916C7E /* Embed Frameworks */ = {
			isa = PBXCopyFilesBuildPhase;
			buildActionMask = 2147483647;
			dstPath = "";
			dstSubfolderSpec = 10;
			files = (
			);
			name = "Embed Frameworks";
			runOnlyForDeploymentPostprocessing = 0;
		};
/* End PBXCopyFilesBuildPhase section */

/* Begin PBXFileReference section */
		2D4227621BB4358C000C1A6C /* SocketRocket.framework */ = {isa = PBXFileReference; explicitFileType = wrapper.framework; includeInIndex = 0; path = SocketRocket.framework; sourceTree = BUILT_PRODUCTS_DIR; };
		3345DC901C52ACD70083CCB8 /* SocketRocket.framework */ = {isa = PBXFileReference; explicitFileType = wrapper.framework; includeInIndex = 0; path = SocketRocket.framework; sourceTree = BUILT_PRODUCTS_DIR; };
		454A02D41D0FAD010060DFB2 /* SRSecurityPolicy.h */ = {isa = PBXFileReference; fileEncoding = 4; lastKnownFileType = sourcecode.c.h; name = SRSecurityPolicy.h; path = SocketRocket/SRSecurityPolicy.h; sourceTree = SOURCE_ROOT; };
		454FEA831D25717C00073768 /* SRSecurityPolicy.m */ = {isa = PBXFileReference; fileEncoding = 4; lastKnownFileType = sourcecode.c.objc; path = SRSecurityPolicy.m; sourceTree = "<group>"; };
		555E0EB11C51E56D00E6BB92 /* SocketRocket.h */ = {isa = PBXFileReference; fileEncoding = 4; lastKnownFileType = sourcecode.c.h; path = SocketRocket.h; sourceTree = "<group>"; };
		8105E4761CDD679A00AA12DB /* SRTWebSocketOperation.h */ = {isa = PBXFileReference; lastKnownFileType = sourcecode.c.h; path = SRTWebSocketOperation.h; sourceTree = "<group>"; };
		8105E4771CDD679A00AA12DB /* SRTWebSocketOperation.m */ = {isa = PBXFileReference; lastKnownFileType = sourcecode.c.objc; path = SRTWebSocketOperation.m; sourceTree = "<group>"; };
		8105E4791CDD679A00AA12DB /* Info.plist */ = {isa = PBXFileReference; lastKnownFileType = text.plist.xml; path = Info.plist; sourceTree = "<group>"; };
		8105E47A1CDD679A00AA12DB /* SRAutobahnTests.m */ = {isa = PBXFileReference; lastKnownFileType = sourcecode.c.objc; path = SRAutobahnTests.m; sourceTree = "<group>"; };
		8105E4AC1CDD6E6200AA12DB /* SRAutobahnOperation.h */ = {isa = PBXFileReference; fileEncoding = 4; lastKnownFileType = sourcecode.c.h; path = SRAutobahnOperation.h; sourceTree = "<group>"; };
		8105E4AD1CDD6E6200AA12DB /* SRAutobahnOperation.m */ = {isa = PBXFileReference; fileEncoding = 4; lastKnownFileType = sourcecode.c.objc; path = SRAutobahnOperation.m; sourceTree = "<group>"; };
		8105E5271CDD98E100AA12DB /* autobahn_configuration.json */ = {isa = PBXFileReference; fileEncoding = 4; lastKnownFileType = text.json; path = autobahn_configuration.json; sourceTree = "<group>"; };
		811934B11CDAF711003AB243 /* Info.plist */ = {isa = PBXFileReference; lastKnownFileType = text.plist.xml; path = Info.plist; sourceTree = "<group>"; };
		8179967E1CE184F40084DA37 /* SRAutobahnUtilities.h */ = {isa = PBXFileReference; fileEncoding = 4; lastKnownFileType = sourcecode.c.h; path = SRAutobahnUtilities.h; sourceTree = "<group>"; };
		8179967F1CE184F40084DA37 /* SRAutobahnUtilities.m */ = {isa = PBXFileReference; fileEncoding = 4; lastKnownFileType = sourcecode.c.objc; path = SRAutobahnUtilities.m; sourceTree = "<group>"; };
		81AFCD651D4C431C00B3AFC9 /* libicucore.tbd */ = {isa = PBXFileReference; lastKnownFileType = "sourcecode.text-based-dylib-definition"; name = libicucore.tbd; path = Platforms/iPhoneOS.platform/Developer/SDKs/iPhoneOS10.0.sdk/usr/lib/libicucore.tbd; sourceTree = DEVELOPER_DIR; };
		81C68CD31D2CBE0A00A1D005 /* CFNetwork.framework */ = {isa = PBXFileReference; lastKnownFileType = wrapper.framework; name = CFNetwork.framework; path = Platforms/iPhoneOS.platform/Developer/SDKs/iPhoneOS.sdk/System/Library/Frameworks/CFNetwork.framework; sourceTree = DEVELOPER_DIR; };
		81C68CDE1D2CBE1900A1D005 /* CFNetwork.framework */ = {isa = PBXFileReference; lastKnownFileType = wrapper.framework; name = CFNetwork.framework; path = Platforms/AppleTVOS.platform/Developer/SDKs/AppleTVOS.sdk/System/Library/Frameworks/CFNetwork.framework; sourceTree = DEVELOPER_DIR; };
		81C68CF01D2CBE9F00A1D005 /* libicucore.tbd */ = {isa = PBXFileReference; lastKnownFileType = "sourcecode.text-based-dylib-definition"; name = libicucore.tbd; path = usr/lib/libicucore.tbd; sourceTree = SDKROOT; };
		81C68D061D2CBF6A00A1D005 /* libicucore.A.tbd */ = {isa = PBXFileReference; lastKnownFileType = "sourcecode.text-based-dylib-definition"; name = libicucore.A.tbd; path = Platforms/AppleTVOS.platform/Developer/SDKs/AppleTVOS.sdk/usr/lib/libicucore.A.tbd; sourceTree = DEVELOPER_DIR; };
		81C68D0D1D2CBFA800A1D005 /* libicucore.A.tbd */ = {isa = PBXFileReference; lastKnownFileType = "sourcecode.text-based-dylib-definition"; name = libicucore.A.tbd; path = Platforms/iPhoneOS.platform/Developer/SDKs/iPhoneOS.sdk/usr/lib/libicucore.A.tbd; sourceTree = DEVELOPER_DIR; };
		81CD05D51CEEC47300497F47 /* NSURLRequest+SRWebSocket.h */ = {isa = PBXFileReference; fileEncoding = 4; lastKnownFileType = sourcecode.c.h; path = "NSURLRequest+SRWebSocket.h"; sourceTree = "<group>"; };
		81CD05D61CEEC47300497F47 /* NSURLRequest+SRWebSocket.m */ = {isa = PBXFileReference; fileEncoding = 4; lastKnownFileType = sourcecode.c.objc; path = "NSURLRequest+SRWebSocket.m"; sourceTree = "<group>"; };
		81CD05FB1CEEC65D00497F47 /* NSRunLoop+SRWebSocket.h */ = {isa = PBXFileReference; fileEncoding = 4; lastKnownFileType = sourcecode.c.h; path = "NSRunLoop+SRWebSocket.h"; sourceTree = "<group>"; };
		81CD05FC1CEEC65D00497F47 /* NSRunLoop+SRWebSocket.m */ = {isa = PBXFileReference; fileEncoding = 4; lastKnownFileType = sourcecode.c.objc; path = "NSRunLoop+SRWebSocket.m"; sourceTree = "<group>"; };
		81D6474A1D2CA6A100690609 /* Common.xcconfig */ = {isa = PBXFileReference; lastKnownFileType = text.xcconfig; path = Common.xcconfig; sourceTree = "<group>"; };
		81D6474C1D2CA6A100690609 /* iOS.xcconfig */ = {isa = PBXFileReference; lastKnownFileType = text.xcconfig; path = iOS.xcconfig; sourceTree = "<group>"; };
		81D6474D1D2CA6A100690609 /* macOS.xcconfig */ = {isa = PBXFileReference; lastKnownFileType = text.xcconfig; path = macOS.xcconfig; sourceTree = "<group>"; };
		81D6474E1D2CA6A100690609 /* tvOS.xcconfig */ = {isa = PBXFileReference; lastKnownFileType = text.xcconfig; path = tvOS.xcconfig; sourceTree = "<group>"; };
		81D6474F1D2CA6A100690609 /* watchOS.xcconfig */ = {isa = PBXFileReference; lastKnownFileType = text.xcconfig; path = watchOS.xcconfig; sourceTree = "<group>"; };
		81D647511D2CA6A100690609 /* Application.xcconfig */ = {isa = PBXFileReference; lastKnownFileType = text.xcconfig; path = Application.xcconfig; sourceTree = "<group>"; };
		81D647521D2CA6A100690609 /* DynamicFramework.xcconfig */ = {isa = PBXFileReference; lastKnownFileType = text.xcconfig; path = DynamicFramework.xcconfig; sourceTree = "<group>"; };
		81D647531D2CA6A100690609 /* LogicTests.xcconfig */ = {isa = PBXFileReference; lastKnownFileType = text.xcconfig; path = LogicTests.xcconfig; sourceTree = "<group>"; };
		81D647541D2CA6A100690609 /* StaticFramework.xcconfig */ = {isa = PBXFileReference; lastKnownFileType = text.xcconfig; path = StaticFramework.xcconfig; sourceTree = "<group>"; };
		81D647561D2CA6A100690609 /* Debug.xcconfig */ = {isa = PBXFileReference; lastKnownFileType = text.xcconfig; path = Debug.xcconfig; sourceTree = "<group>"; };
		81D647571D2CA6A100690609 /* Release.xcconfig */ = {isa = PBXFileReference; lastKnownFileType = text.xcconfig; path = Release.xcconfig; sourceTree = "<group>"; };
		81D647581D2CA6A100690609 /* Warnings.xcconfig */ = {isa = PBXFileReference; lastKnownFileType = text.xcconfig; path = Warnings.xcconfig; sourceTree = "<group>"; };
		81D647591D2CA6A100690609 /* SocketRocket-iOS-Dynamic.xcconfig */ = {isa = PBXFileReference; lastKnownFileType = text.xcconfig; path = "SocketRocket-iOS-Dynamic.xcconfig"; sourceTree = "<group>"; };
		81D6475A1D2CA6A100690609 /* SocketRocket-iOS.xcconfig */ = {isa = PBXFileReference; lastKnownFileType = text.xcconfig; path = "SocketRocket-iOS.xcconfig"; sourceTree = "<group>"; };
		81D6475B1D2CA6A100690609 /* SocketRocket-macOS.xcconfig */ = {isa = PBXFileReference; lastKnownFileType = text.xcconfig; path = "SocketRocket-macOS.xcconfig"; sourceTree = "<group>"; };
		81D6475C1D2CA6A100690609 /* SocketRocket-tvOS.xcconfig */ = {isa = PBXFileReference; lastKnownFileType = text.xcconfig; path = "SocketRocket-tvOS.xcconfig"; sourceTree = "<group>"; };
		81D6475D1D2CA6A100690609 /* SocketRocketTests-iOS.xcconfig */ = {isa = PBXFileReference; lastKnownFileType = text.xcconfig; path = "SocketRocketTests-iOS.xcconfig"; sourceTree = "<group>"; };
		81E8A69A1D4C417A00916C7E /* TestChat-iOS.xcconfig */ = {isa = PBXFileReference; lastKnownFileType = text.xcconfig; path = "TestChat-iOS.xcconfig"; sourceTree = "<group>"; };
		DC0D64432D7835C200E6BF5C /* NSRunLoop+SRWebSocketPrivate.h */ = {isa = PBXFileReference; lastKnownFileType = sourcecode.c.h; path = "NSRunLoop+SRWebSocketPrivate.h"; sourceTree = "<group>"; };
		DC0D64442D7835C200E6BF5C /* NSURLRequest+SRWebSocketPrivate.h */ = {isa = PBXFileReference; lastKnownFileType = sourcecode.c.h; path = "NSURLRequest+SRWebSocketPrivate.h"; sourceTree = "<group>"; };
		DC0D64452D7835C200E6BF5C /* SRConstants.h */ = {isa = PBXFileReference; lastKnownFileType = sourcecode.c.h; path = SRConstants.h; sourceTree = "<group>"; };
		DC0D64462D7835C200E6BF5C /* SRConstants.m */ = {isa = PBXFileReference; lastKnownFileType = sourcecode.c.objc; path = SRConstants.m; sourceTree = "<group>"; };
		DC0D64532D7835CD00E6BF5C /* SRDelegateController.h */ = {isa = PBXFileReference; lastKnownFileType = sourcecode.c.h; path = SRDelegateController.h; sourceTree = "<group>"; };
		DC0D64542D7835CD00E6BF5C /* SRDelegateController.m */ = {isa = PBXFileReference; lastKnownFileType = sourcecode.c.objc; path = SRDelegateController.m; sourceTree = "<group>"; };
		DC0D645B2D7835D700E6BF5C /* SRIOConsumer.h */ = {isa = PBXFileReference; lastKnownFileType = sourcecode.c.h; path = SRIOConsumer.h; sourceTree = "<group>"; };
		DC0D645C2D7835D700E6BF5C /* SRIOConsumer.m */ = {isa = PBXFileReference; lastKnownFileType = sourcecode.c.objc; path = SRIOConsumer.m; sourceTree = "<group>"; };
		DC0D645D2D7835D700E6BF5C /* SRIOConsumerPool.h */ = {isa = PBXFileReference; lastKnownFileType = sourcecode.c.h; path = SRIOConsumerPool.h; sourceTree = "<group>"; };
		DC0D645E2D7835D700E6BF5C /* SRIOConsumerPool.m */ = {isa = PBXFileReference; lastKnownFileType = sourcecode.c.objc; path = SRIOConsumerPool.m; sourceTree = "<group>"; };
		DC0D646B2D7835DF00E6BF5C /* SRProxyConnect.h */ = {isa = PBXFileReference; lastKnownFileType = sourcecode.c.h; path = SRProxyConnect.h; sourceTree = "<group>"; };
		DC0D646C2D7835DF00E6BF5C /* SRProxyConnect.m */ = {isa = PBXFileReference; lastKnownFileType = sourcecode.c.objc; path = SRProxyConnect.m; sourceTree = "<group>"; };
		DC0D64732D7835E700E6BF5C /* SRRunLoopThread.h */ = {isa = PBXFileReference; lastKnownFileType = sourcecode.c.h; path = SRRunLoopThread.h; sourceTree = "<group>"; };
		DC0D64742D7835E700E6BF5C /* SRRunLoopThread.m */ = {isa = PBXFileReference; lastKnownFileType = sourcecode.c.objc; path = SRRunLoopThread.m; sourceTree = "<group>"; };
		DC0D647B2D7835F800E6BF5C /* SRError.h */ = {isa = PBXFileReference; lastKnownFileType = sourcecode.c.h; path = SRError.h; sourceTree = "<group>"; };
		DC0D647C2D7835F800E6BF5C /* SRError.m */ = {isa = PBXFileReference; lastKnownFileType = sourcecode.c.objc; path = SRError.m; sourceTree = "<group>"; };
		DC0D647D2D7835F800E6BF5C /* SRHash.h */ = {isa = PBXFileReference; lastKnownFileType = sourcecode.c.h; path = SRHash.h; sourceTree = "<group>"; };
		DC0D647E2D7835F800E6BF5C /* SRHash.m */ = {isa = PBXFileReference; lastKnownFileType = sourcecode.c.objc; path = SRHash.m; sourceTree = "<group>"; };
		DC0D647F2D7835F800E6BF5C /* SRHTTPConnectMessage.h */ = {isa = PBXFileReference; lastKnownFileType = sourcecode.c.h; path = SRHTTPConnectMessage.h; sourceTree = "<group>"; };
		DC0D64802D7835F800E6BF5C /* SRHTTPConnectMessage.m */ = {isa = PBXFileReference; lastKnownFileType = sourcecode.c.objc; path = SRHTTPConnectMessage.m; sourceTree = "<group>"; };
		DC0D64812D7835F800E6BF5C /* SRLog.h */ = {isa = PBXFileReference; lastKnownFileType = sourcecode.c.h; path = SRLog.h; sourceTree = "<group>"; };
		DC0D64822D7835F800E6BF5C /* SRLog.m */ = {isa = PBXFileReference; lastKnownFileType = sourcecode.c.objc; path = SRLog.m; sourceTree = "<group>"; };
		DC0D64832D7835F800E6BF5C /* SRMutex.h */ = {isa = PBXFileReference; lastKnownFileType = sourcecode.c.h; path = SRMutex.h; sourceTree = "<group>"; };
		DC0D64842D7835F800E6BF5C /* SRMutex.m */ = {isa = PBXFileReference; lastKnownFileType = sourcecode.c.objc; path = SRMutex.m; sourceTree = "<group>"; };
		DC0D64852D7835F800E6BF5C /* SRPinningSecurityPolicy.h */ = {isa = PBXFileReference; lastKnownFileType = sourcecode.c.h; path = SRPinningSecurityPolicy.h; sourceTree = "<group>"; };
		DC0D64862D7835F800E6BF5C /* SRPinningSecurityPolicy.m */ = {isa = PBXFileReference; lastKnownFileType = sourcecode.c.objc; path = SRPinningSecurityPolicy.m; sourceTree = "<group>"; };
		DC0D64872D7835F800E6BF5C /* SRRandom.h */ = {isa = PBXFileReference; lastKnownFileType = sourcecode.c.h; path = SRRandom.h; sourceTree = "<group>"; };
		DC0D64882D7835F800E6BF5C /* SRRandom.m */ = {isa = PBXFileReference; lastKnownFileType = sourcecode.c.objc; path = SRRandom.m; sourceTree = "<group>"; };
		DC0D64892D7835F800E6BF5C /* SRSIMDHelpers.h */ = {isa = PBXFileReference; lastKnownFileType = sourcecode.c.h; path = SRSIMDHelpers.h; sourceTree = "<group>"; };
		DC0D648A2D7835F800E6BF5C /* SRSIMDHelpers.m */ = {isa = PBXFileReference; lastKnownFileType = sourcecode.c.objc; path = SRSIMDHelpers.m; sourceTree = "<group>"; };
		DC0D648B2D7835F800E6BF5C /* SRURLUtilities.h */ = {isa = PBXFileReference; lastKnownFileType = sourcecode.c.h; path = SRURLUtilities.h; sourceTree = "<group>"; };
		DC0D648C2D7835F800E6BF5C /* SRURLUtilities.m */ = {isa = PBXFileReference; lastKnownFileType = sourcecode.c.objc; path = SRURLUtilities.m; sourceTree = "<group>"; };
		DC0D64C32D78361900E6BF5C /* Package.swift */ = {isa = PBXFileReference; lastKnownFileType = sourcecode.swift; path = Package.swift; sourceTree = "<group>"; };
		F61A0DC71625F44D00365EBD /* Default-568h@2x.png */ = {isa = PBXFileReference; lastKnownFileType = image.png; name = "Default-568h@2x.png"; path = "en.lproj/Default-568h@2x.png"; sourceTree = "<group>"; };
		F62417E314D52F3C003CE997 /* TestChat.app */ = {isa = PBXFileReference; explicitFileType = wrapper.application; includeInIndex = 0; path = TestChat.app; sourceTree = BUILT_PRODUCTS_DIR; };
		F62417E514D52F3C003CE997 /* UIKit.framework */ = {isa = PBXFileReference; lastKnownFileType = wrapper.framework; name = UIKit.framework; path = Platforms/iPhoneOS.platform/Developer/SDKs/iPhoneOS.sdk/System/Library/Frameworks/UIKit.framework; sourceTree = DEVELOPER_DIR; };
		F62417EC14D52F3C003CE997 /* TestChat-Info.plist */ = {isa = PBXFileReference; lastKnownFileType = text.plist.xml; path = "TestChat-Info.plist"; sourceTree = "<group>"; };
		F62417EE14D52F3C003CE997 /* en */ = {isa = PBXFileReference; lastKnownFileType = text.plist.strings; name = en; path = en.lproj/InfoPlist.strings; sourceTree = "<group>"; };
		F62417F014D52F3C003CE997 /* main.m */ = {isa = PBXFileReference; lastKnownFileType = sourcecode.c.objc; path = main.m; sourceTree = "<group>"; };
		F62417F314D52F3C003CE997 /* TCAppDelegate.h */ = {isa = PBXFileReference; lastKnownFileType = sourcecode.c.h; path = TCAppDelegate.h; sourceTree = "<group>"; };
		F62417F414D52F3C003CE997 /* TCAppDelegate.m */ = {isa = PBXFileReference; lastKnownFileType = sourcecode.c.objc; path = TCAppDelegate.m; sourceTree = "<group>"; };
		F62417F714D52F3C003CE997 /* en */ = {isa = PBXFileReference; lastKnownFileType = file.storyboard; name = en; path = en.lproj/MainStoryboard.storyboard; sourceTree = "<group>"; };
		F62417F914D52F3C003CE997 /* TCViewController.h */ = {isa = PBXFileReference; lastKnownFileType = sourcecode.c.h; path = TCViewController.h; sourceTree = "<group>"; };
		F62417FA14D52F3C003CE997 /* TCViewController.m */ = {isa = PBXFileReference; lastKnownFileType = sourcecode.c.objc; path = TCViewController.m; sourceTree = "<group>"; };
		F62417FF14D5300C003CE997 /* TCChatCell.h */ = {isa = PBXFileReference; fileEncoding = 4; lastKnownFileType = sourcecode.c.h; path = TCChatCell.h; sourceTree = "<group>"; };
		F624180014D5300C003CE997 /* TCChatCell.m */ = {isa = PBXFileReference; fileEncoding = 4; lastKnownFileType = sourcecode.c.objc; path = TCChatCell.m; sourceTree = "<group>"; };
		F668C880153E91210044DBAC /* SocketRocket.framework */ = {isa = PBXFileReference; explicitFileType = wrapper.framework; includeInIndex = 0; path = SocketRocket.framework; sourceTree = BUILT_PRODUCTS_DIR; };
		F6A12CCF145119B700C1D980 /* SRWebSocket.h */ = {isa = PBXFileReference; fileEncoding = 4; lastKnownFileType = sourcecode.c.h; path = SRWebSocket.h; sourceTree = "<group>"; };
		F6A12CD0145119B700C1D980 /* SRWebSocket.m */ = {isa = PBXFileReference; fileEncoding = 4; lastKnownFileType = sourcecode.c.objc; path = SRWebSocket.m; sourceTree = "<group>"; };
		F6A12CD3145122FC00C1D980 /* Security.framework */ = {isa = PBXFileReference; lastKnownFileType = wrapper.framework; name = Security.framework; path = System/Library/Frameworks/Security.framework; sourceTree = SDKROOT; };
		F6A12CD51451231B00C1D980 /* CFNetwork.framework */ = {isa = PBXFileReference; lastKnownFileType = wrapper.framework; name = CFNetwork.framework; path = System/Library/Frameworks/CFNetwork.framework; sourceTree = SDKROOT; };
		F6B208301450F597009315AF /* Foundation.framework */ = {isa = PBXFileReference; lastKnownFileType = wrapper.framework; name = Foundation.framework; path = System/Library/Frameworks/Foundation.framework; sourceTree = SDKROOT; };
		F6BDA802145900D200FE3253 /* SocketRocketTests-iOS.xctest */ = {isa = PBXFileReference; explicitFileType = wrapper.cfbundle; includeInIndex = 0; path = "SocketRocketTests-iOS.xctest"; sourceTree = BUILT_PRODUCTS_DIR; };
/* End PBXFileReference section */

/* Begin PBXFrameworksBuildPhase section */
		2D42275E1BB4358C000C1A6C /* Frameworks */ = {
			isa = PBXFrameworksBuildPhase;
			buildActionMask = 2147483647;
			files = (
				81C68D0E1D2CBFA800A1D005 /* libicucore.A.tbd in Frameworks */,
				81C68CD41D2CBE0A00A1D005 /* CFNetwork.framework in Frameworks */,
				2D4227831BB436B1000C1A6C /* Security.framework in Frameworks */,
				2D4227801BB43693000C1A6C /* Foundation.framework in Frameworks */,
			);
			runOnlyForDeploymentPostprocessing = 0;
		};
		3345DC851C52ACD70083CCB8 /* Frameworks */ = {
			isa = PBXFrameworksBuildPhase;
			buildActionMask = 2147483647;
			files = (
				81C68D071D2CBF6A00A1D005 /* libicucore.A.tbd in Frameworks */,
				81C68CDF1D2CBE1900A1D005 /* CFNetwork.framework in Frameworks */,
				3345DC871C52ACD70083CCB8 /* Security.framework in Frameworks */,
				3345DC881C52ACD70083CCB8 /* Foundation.framework in Frameworks */,
			);
			runOnlyForDeploymentPostprocessing = 0;
		};
		F62417E014D52F3C003CE997 /* Frameworks */ = {
			isa = PBXFrameworksBuildPhase;
			buildActionMask = 2147483647;
			files = (
				81AFCD661D4C431C00B3AFC9 /* libicucore.tbd in Frameworks */,
				F62417E614D52F3C003CE997 /* UIKit.framework in Frameworks */,
				F62417E714D52F3C003CE997 /* Foundation.framework in Frameworks */,
				F624180314D53449003CE997 /* CFNetwork.framework in Frameworks */,
				F624180414D53449003CE997 /* Security.framework in Frameworks */,
			);
			runOnlyForDeploymentPostprocessing = 0;
		};
		F668C87C153E91210044DBAC /* Frameworks */ = {
			isa = PBXFrameworksBuildPhase;
			buildActionMask = 2147483647;
			files = (
				81C68CEE1D2CBE9400A1D005 /* CFNetwork.framework in Frameworks */,
				81C68CF61D2CBED100A1D005 /* Security.framework in Frameworks */,
				81C68CF11D2CBE9F00A1D005 /* libicucore.tbd in Frameworks */,
			);
			runOnlyForDeploymentPostprocessing = 0;
		};
		F6BDA7FE145900D200FE3253 /* Frameworks */ = {
			isa = PBXFrameworksBuildPhase;
			buildActionMask = 2147483647;
			files = (
				F6BDA806145900D200FE3253 /* Foundation.framework in Frameworks */,
				F6AE45241459071C0022AF3C /* CFNetwork.framework in Frameworks */,
				F6016C8814620EC70037BB3D /* Security.framework in Frameworks */,
				81DCD1241D2D9235002501A2 /* libicucore.A.tbd in Frameworks */,
			);
			runOnlyForDeploymentPostprocessing = 0;
		};
/* End PBXFrameworksBuildPhase section */

/* Begin PBXGroup section */
		8105E4741CDD679A00AA12DB /* Tests */ = {
			isa = PBXGroup;
			children = (
				8105E47A1CDD679A00AA12DB /* SRAutobahnTests.m */,
				8105E4751CDD679A00AA12DB /* Operations */,
				8105E47C1CDD679A00AA12DB /* Utilities */,
				8105E4781CDD679A00AA12DB /* Resources */,
			);
			path = Tests;
			sourceTree = "<group>";
		};
		8105E4751CDD679A00AA12DB /* Operations */ = {
			isa = PBXGroup;
			children = (
				8105E4761CDD679A00AA12DB /* SRTWebSocketOperation.h */,
				8105E4771CDD679A00AA12DB /* SRTWebSocketOperation.m */,
				8105E4AC1CDD6E6200AA12DB /* SRAutobahnOperation.h */,
				8105E4AD1CDD6E6200AA12DB /* SRAutobahnOperation.m */,
			);
			path = Operations;
			sourceTree = "<group>";
		};
		8105E4781CDD679A00AA12DB /* Resources */ = {
			isa = PBXGroup;
			children = (
				8105E5271CDD98E100AA12DB /* autobahn_configuration.json */,
				8105E4791CDD679A00AA12DB /* Info.plist */,
			);
			path = Resources;
			sourceTree = "<group>";
		};
		8105E47C1CDD679A00AA12DB /* Utilities */ = {
			isa = PBXGroup;
			children = (
				8179967E1CE184F40084DA37 /* SRAutobahnUtilities.h */,
				8179967F1CE184F40084DA37 /* SRAutobahnUtilities.m */,
			);
			path = Utilities;
			sourceTree = "<group>";
		};
		811934B01CDAF711003AB243 /* Resources */ = {
			isa = PBXGroup;
			children = (
				811934B11CDAF711003AB243 /* Info.plist */,
			);
			path = Resources;
			sourceTree = "<group>";
		};
		81C68CF41D2CBEBD00A1D005 /* macOS */ = {
			isa = PBXGroup;
			children = (
				F6B208301450F597009315AF /* Foundation.framework */,
				F6A12CD3145122FC00C1D980 /* Security.framework */,
				F6A12CD51451231B00C1D980 /* CFNetwork.framework */,
				81C68CF01D2CBE9F00A1D005 /* libicucore.tbd */,
			);
			name = macOS;
			sourceTree = "<group>";
		};
		81C68CFD1D2CBF1800A1D005 /* tvOS */ = {
			isa = PBXGroup;
			children = (
				81C68CDE1D2CBE1900A1D005 /* CFNetwork.framework */,
				81C68D061D2CBF6A00A1D005 /* libicucore.A.tbd */,
			);
			name = tvOS;
			sourceTree = "<group>";
		};
		81C68CFE1D2CBF2100A1D005 /* iOS */ = {
			isa = PBXGroup;
			children = (
				F62417E514D52F3C003CE997 /* UIKit.framework */,
				81C68CD31D2CBE0A00A1D005 /* CFNetwork.framework */,
				81C68D0D1D2CBFA800A1D005 /* libicucore.A.tbd */,
			);
			name = iOS;
			sourceTree = "<group>";
		};
		81D647481D2CA6A100690609 /* Configurations */ = {
			isa = PBXGroup;
			children = (
				81D6475A1D2CA6A100690609 /* SocketRocket-iOS.xcconfig */,
				81D647591D2CA6A100690609 /* SocketRocket-iOS-Dynamic.xcconfig */,
				81D6475B1D2CA6A100690609 /* SocketRocket-macOS.xcconfig */,
				81D6475C1D2CA6A100690609 /* SocketRocket-tvOS.xcconfig */,
				81D6475D1D2CA6A100690609 /* SocketRocketTests-iOS.xcconfig */,
				81E8A69A1D4C417A00916C7E /* TestChat-iOS.xcconfig */,
				81D647491D2CA6A100690609 /* Shared */,
			);
			path = Configurations;
			sourceTree = "<group>";
		};
		81D647491D2CA6A100690609 /* Shared */ = {
			isa = PBXGroup;
			children = (
				81D6474A1D2CA6A100690609 /* Common.xcconfig */,
				81D6474B1D2CA6A100690609 /* Platform */,
				81D647501D2CA6A100690609 /* Product */,
				81D647551D2CA6A100690609 /* Project */,
				81D647581D2CA6A100690609 /* Warnings.xcconfig */,
			);
			path = Shared;
			sourceTree = "<group>";
		};
		81D6474B1D2CA6A100690609 /* Platform */ = {
			isa = PBXGroup;
			children = (
				81D6474C1D2CA6A100690609 /* iOS.xcconfig */,
				81D6474D1D2CA6A100690609 /* macOS.xcconfig */,
				81D6474E1D2CA6A100690609 /* tvOS.xcconfig */,
				81D6474F1D2CA6A100690609 /* watchOS.xcconfig */,
			);
			path = Platform;
			sourceTree = "<group>";
		};
		81D647501D2CA6A100690609 /* Product */ = {
			isa = PBXGroup;
			children = (
				81D647511D2CA6A100690609 /* Application.xcconfig */,
				81D647521D2CA6A100690609 /* DynamicFramework.xcconfig */,
				81D647531D2CA6A100690609 /* LogicTests.xcconfig */,
				81D647541D2CA6A100690609 /* StaticFramework.xcconfig */,
			);
			path = Product;
			sourceTree = "<group>";
		};
		81D647551D2CA6A100690609 /* Project */ = {
			isa = PBXGroup;
			children = (
				81D647561D2CA6A100690609 /* Debug.xcconfig */,
				81D647571D2CA6A100690609 /* Release.xcconfig */,
			);
			path = Project;
			sourceTree = "<group>";
		};
		F62417EA14D52F3C003CE997 /* TestChat */ = {
			isa = PBXGroup;
			children = (
				F62417EB14D52F3C003CE997 /* Supporting Files */,
				F62417F314D52F3C003CE997 /* TCAppDelegate.h */,
				F62417F414D52F3C003CE997 /* TCAppDelegate.m */,
				F62417F614D52F3C003CE997 /* MainStoryboard.storyboard */,
				F62417F914D52F3C003CE997 /* TCViewController.h */,
				F62417FA14D52F3C003CE997 /* TCViewController.m */,
				F62417FF14D5300C003CE997 /* TCChatCell.h */,
				F624180014D5300C003CE997 /* TCChatCell.m */,
			);
			path = TestChat;
			sourceTree = "<group>";
		};
		F62417EB14D52F3C003CE997 /* Supporting Files */ = {
			isa = PBXGroup;
			children = (
				F61A0DC71625F44D00365EBD /* Default-568h@2x.png */,
				F62417EC14D52F3C003CE997 /* TestChat-Info.plist */,
				F62417ED14D52F3C003CE997 /* InfoPlist.strings */,
				F62417F014D52F3C003CE997 /* main.m */,
			);
			name = "Supporting Files";
			sourceTree = "<group>";
		};
		F6B208221450F597009315AF = {
			isa = PBXGroup;
			children = (
				DC0D64C32D78361900E6BF5C /* Package.swift */,
				81D647481D2CA6A100690609 /* Configurations */,
				F6B208321450F597009315AF /* SocketRocket */,
				8105E4741CDD679A00AA12DB /* Tests */,
				F62417EA14D52F3C003CE997 /* TestChat */,
				F6B2082F1450F597009315AF /* Frameworks */,
				F6B2082E1450F597009315AF /* Products */,
			);
			indentWidth = 4;
			sourceTree = "<group>";
			tabWidth = 4;
		};
		F6B2082E1450F597009315AF /* Products */ = {
			isa = PBXGroup;
			children = (
				F6BDA802145900D200FE3253 /* SocketRocketTests-iOS.xctest */,
				F62417E314D52F3C003CE997 /* TestChat.app */,
				F668C880153E91210044DBAC /* SocketRocket.framework */,
				2D4227621BB4358C000C1A6C /* SocketRocket.framework */,
				3345DC901C52ACD70083CCB8 /* SocketRocket.framework */,
			);
			name = Products;
			sourceTree = "<group>";
		};
		F6B2082F1450F597009315AF /* Frameworks */ = {
			isa = PBXGroup;
			children = (
				81AFCD651D4C431C00B3AFC9 /* libicucore.tbd */,
				81C68CF41D2CBEBD00A1D005 /* macOS */,
				81C68CFD1D2CBF1800A1D005 /* tvOS */,
				81C68CFE1D2CBF2100A1D005 /* iOS */,
			);
			name = Frameworks;
			sourceTree = "<group>";
		};
		F6B208321450F597009315AF /* SocketRocket */ = {
			isa = PBXGroup;
			children = (
				555E0EB11C51E56D00E6BB92 /* SocketRocket.h */,
				454A02D41D0FAD010060DFB2 /* SRSecurityPolicy.h */,
				454FEA831D25717C00073768 /* SRSecurityPolicy.m */,
				F6A12CCF145119B700C1D980 /* SRWebSocket.h */,
				F6A12CD0145119B700C1D980 /* SRWebSocket.m */,
				81CD05D51CEEC47300497F47 /* NSURLRequest+SRWebSocket.h */,
				81CD05D61CEEC47300497F47 /* NSURLRequest+SRWebSocket.m */,
				81CD05FB1CEEC65D00497F47 /* NSRunLoop+SRWebSocket.h */,
				81CD05FC1CEEC65D00497F47 /* NSRunLoop+SRWebSocket.m */,
				DC0D64432D7835C200E6BF5C /* NSRunLoop+SRWebSocketPrivate.h */,
				DC0D647B2D7835F800E6BF5C /* SRError.h */,
				DC0D647C2D7835F800E6BF5C /* SRError.m */,
				DC0D647D2D7835F800E6BF5C /* SRHash.h */,
				DC0D647E2D7835F800E6BF5C /* SRHash.m */,
				DC0D647F2D7835F800E6BF5C /* SRHTTPConnectMessage.h */,
				DC0D64802D7835F800E6BF5C /* SRHTTPConnectMessage.m */,
				DC0D64812D7835F800E6BF5C /* SRLog.h */,
				DC0D64822D7835F800E6BF5C /* SRLog.m */,
				DC0D64832D7835F800E6BF5C /* SRMutex.h */,
				DC0D64842D7835F800E6BF5C /* SRMutex.m */,
				DC0D64852D7835F800E6BF5C /* SRPinningSecurityPolicy.h */,
				DC0D64862D7835F800E6BF5C /* SRPinningSecurityPolicy.m */,
				DC0D64872D7835F800E6BF5C /* SRRandom.h */,
				DC0D64882D7835F800E6BF5C /* SRRandom.m */,
				DC0D64892D7835F800E6BF5C /* SRSIMDHelpers.h */,
				DC0D648A2D7835F800E6BF5C /* SRSIMDHelpers.m */,
				DC0D648B2D7835F800E6BF5C /* SRURLUtilities.h */,
				DC0D648C2D7835F800E6BF5C /* SRURLUtilities.m */,
				DC0D64442D7835C200E6BF5C /* NSURLRequest+SRWebSocketPrivate.h */,
				DC0D64732D7835E700E6BF5C /* SRRunLoopThread.h */,
				DC0D64742D7835E700E6BF5C /* SRRunLoopThread.m */,
				DC0D64452D7835C200E6BF5C /* SRConstants.h */,
				DC0D646B2D7835DF00E6BF5C /* SRProxyConnect.h */,
				DC0D646C2D7835DF00E6BF5C /* SRProxyConnect.m */,
				DC0D64462D7835C200E6BF5C /* SRConstants.m */,
				DC0D64532D7835CD00E6BF5C /* SRDelegateController.h */,
				DC0D64542D7835CD00E6BF5C /* SRDelegateController.m */,
				DC0D645B2D7835D700E6BF5C /* SRIOConsumer.h */,
				DC0D645C2D7835D700E6BF5C /* SRIOConsumer.m */,
				DC0D645D2D7835D700E6BF5C /* SRIOConsumerPool.h */,
				DC0D645E2D7835D700E6BF5C /* SRIOConsumerPool.m */,
				811934B01CDAF711003AB243 /* Resources */,
			);
			path = SocketRocket;
			sourceTree = "<group>";
		};
/* End PBXGroup section */

/* Begin PBXHeadersBuildPhase section */
		2D42275F1BB4358C000C1A6C /* Headers */ = {
			isa = PBXHeadersBuildPhase;
			buildActionMask = 2147483647;
			files = (
				DC0D64702D7835DF00E6BF5C /* SRProxyConnect.h in Headers */,
				81CD05FE1CEEC65D00497F47 /* NSRunLoop+SRWebSocket.h in Headers */,
				454A02D61D0FAD010060DFB2 /* SRSecurityPolicy.h in Headers */,
				81CD05D81CEEC47300497F47 /* NSURLRequest+SRWebSocket.h in Headers */,
				DC0D648D2D7835F800E6BF5C /* SRMutex.h in Headers */,
				DC0D648E2D7835F800E6BF5C /* SRPinningSecurityPolicy.h in Headers */,
				DC0D648F2D7835F800E6BF5C /* SRHTTPConnectMessage.h in Headers */,
				DC0D64902D7835F800E6BF5C /* SRRandom.h in Headers */,
				DC0D64912D7835F800E6BF5C /* SRHash.h in Headers */,
				DC0D64922D7835F800E6BF5C /* SRError.h in Headers */,
				DC0D64932D7835F800E6BF5C /* SRSIMDHelpers.h in Headers */,
				DC0D64942D7835F800E6BF5C /* SRLog.h in Headers */,
				DC0D64952D7835F800E6BF5C /* SRURLUtilities.h in Headers */,
				2D42277F1BB4365C000C1A6C /* SRWebSocket.h in Headers */,
				811934BE1CDAF725003AB243 /* SocketRocket.h in Headers */,
				DC0D64652D7835D700E6BF5C /* SRIOConsumerPool.h in Headers */,
				DC0D64662D7835D700E6BF5C /* SRIOConsumer.h in Headers */,
				DC0D64472D7835C200E6BF5C /* NSRunLoop+SRWebSocketPrivate.h in Headers */,
				DC0D64482D7835C200E6BF5C /* NSURLRequest+SRWebSocketPrivate.h in Headers */,
				DC0D64492D7835C200E6BF5C /* SRConstants.h in Headers */,
				DC0D64552D7835CD00E6BF5C /* SRDelegateController.h in Headers */,
				DC0D64772D7835E700E6BF5C /* SRRunLoopThread.h in Headers */,
			);
			runOnlyForDeploymentPostprocessing = 0;
		};
		3345DC891C52ACD70083CCB8 /* Headers */ = {
			isa = PBXHeadersBuildPhase;
			buildActionMask = 2147483647;
			files = (
				DC0D646D2D7835DF00E6BF5C /* SRProxyConnect.h in Headers */,
				81CD06001CEEC65D00497F47 /* NSRunLoop+SRWebSocket.h in Headers */,
				454A02D81D0FAD010060DFB2 /* SRSecurityPolicy.h in Headers */,
				81CD05DA1CEEC47300497F47 /* NSURLRequest+SRWebSocket.h in Headers */,
				DC0D649F2D7835F800E6BF5C /* SRMutex.h in Headers */,
				DC0D64A02D7835F800E6BF5C /* SRPinningSecurityPolicy.h in Headers */,
				DC0D64A12D7835F800E6BF5C /* SRHTTPConnectMessage.h in Headers */,
				DC0D64A22D7835F800E6BF5C /* SRRandom.h in Headers */,
				DC0D64A32D7835F800E6BF5C /* SRHash.h in Headers */,
				DC0D64A42D7835F800E6BF5C /* SRError.h in Headers */,
				DC0D64A52D7835F800E6BF5C /* SRSIMDHelpers.h in Headers */,
				DC0D64A62D7835F800E6BF5C /* SRLog.h in Headers */,
				DC0D64A72D7835F800E6BF5C /* SRURLUtilities.h in Headers */,
				3345DC8A1C52ACD70083CCB8 /* SRWebSocket.h in Headers */,
				811934C01CDAF726003AB243 /* SocketRocket.h in Headers */,
				DC0D645F2D7835D700E6BF5C /* SRIOConsumerPool.h in Headers */,
				DC0D64602D7835D700E6BF5C /* SRIOConsumer.h in Headers */,
				DC0D644B2D7835C200E6BF5C /* NSRunLoop+SRWebSocketPrivate.h in Headers */,
				DC0D644C2D7835C200E6BF5C /* NSURLRequest+SRWebSocketPrivate.h in Headers */,
				DC0D644D2D7835C200E6BF5C /* SRConstants.h in Headers */,
				DC0D64592D7835CE00E6BF5C /* SRDelegateController.h in Headers */,
				DC0D64752D7835E700E6BF5C /* SRRunLoopThread.h in Headers */,
			);
			runOnlyForDeploymentPostprocessing = 0;
		};
		F668C87D153E91210044DBAC /* Headers */ = {
			isa = PBXHeadersBuildPhase;
			buildActionMask = 2147483647;
			files = (
				DC0D64722D7835DF00E6BF5C /* SRProxyConnect.h in Headers */,
				81CD05FF1CEEC65D00497F47 /* NSRunLoop+SRWebSocket.h in Headers */,
				454A02D71D0FAD010060DFB2 /* SRSecurityPolicy.h in Headers */,
				81CD05D91CEEC47300497F47 /* NSURLRequest+SRWebSocket.h in Headers */,
				DC0D64B12D7835F800E6BF5C /* SRMutex.h in Headers */,
				DC0D64B22D7835F800E6BF5C /* SRPinningSecurityPolicy.h in Headers */,
				DC0D64B32D7835F800E6BF5C /* SRHTTPConnectMessage.h in Headers */,
				DC0D64B42D7835F800E6BF5C /* SRRandom.h in Headers */,
				DC0D64B52D7835F800E6BF5C /* SRHash.h in Headers */,
				DC0D64B62D7835F800E6BF5C /* SRError.h in Headers */,
				DC0D64B72D7835F800E6BF5C /* SRSIMDHelpers.h in Headers */,
				DC0D64B82D7835F800E6BF5C /* SRLog.h in Headers */,
				DC0D64B92D7835F800E6BF5C /* SRURLUtilities.h in Headers */,
				F668C8AA153E92F90044DBAC /* SRWebSocket.h in Headers */,
				811934BC1CDAF725003AB243 /* SocketRocket.h in Headers */,
				DC0D64692D7835D700E6BF5C /* SRIOConsumerPool.h in Headers */,
				DC0D646A2D7835D700E6BF5C /* SRIOConsumer.h in Headers */,
				DC0D644F2D7835C200E6BF5C /* NSRunLoop+SRWebSocketPrivate.h in Headers */,
				DC0D64502D7835C200E6BF5C /* NSURLRequest+SRWebSocketPrivate.h in Headers */,
				DC0D64512D7835C200E6BF5C /* SRConstants.h in Headers */,
				DC0D64572D7835CE00E6BF5C /* SRDelegateController.h in Headers */,
				DC0D64792D7835E700E6BF5C /* SRRunLoopThread.h in Headers */,
			);
			runOnlyForDeploymentPostprocessing = 0;
		};
/* End PBXHeadersBuildPhase section */

/* Begin PBXNativeTarget section */
		2D4227611BB4358C000C1A6C /* SocketRocket-iOS-Dynamic */ = {
			isa = PBXNativeTarget;
			buildConfigurationList = 2D4227671BB4358C000C1A6C /* Build configuration list for PBXNativeTarget "SocketRocket-iOS-Dynamic" */;
			buildPhases = (
				2D42275D1BB4358C000C1A6C /* Sources */,
				2D42275E1BB4358C000C1A6C /* Frameworks */,
				2D42275F1BB4358C000C1A6C /* Headers */,
			);
			buildRules = (
			);
			dependencies = (
			);
			name = "SocketRocket-iOS-Dynamic";
			productName = "SocketRocket-iOS";
			productReference = 2D4227621BB4358C000C1A6C /* SocketRocket.framework */;
			productType = "com.apple.product-type.framework";
		};
		3345DC821C52ACD70083CCB8 /* SocketRocket-tvOS */ = {
			isa = PBXNativeTarget;
			buildConfigurationList = 3345DC8D1C52ACD70083CCB8 /* Build configuration list for PBXNativeTarget "SocketRocket-tvOS" */;
			buildPhases = (
				3345DC831C52ACD70083CCB8 /* Sources */,
				3345DC851C52ACD70083CCB8 /* Frameworks */,
				3345DC891C52ACD70083CCB8 /* Headers */,
			);
			buildRules = (
			);
			dependencies = (
			);
			name = "SocketRocket-tvOS";
			productName = "SocketRocket-iOS";
			productReference = 3345DC901C52ACD70083CCB8 /* SocketRocket.framework */;
			productType = "com.apple.product-type.framework";
		};
		F62417E214D52F3C003CE997 /* TestChat */ = {
			isa = PBXNativeTarget;
			buildConfigurationList = F62417FC14D52F3C003CE997 /* Build configuration list for PBXNativeTarget "TestChat" */;
			buildPhases = (
				F62417DF14D52F3C003CE997 /* Sources */,
				F62417E014D52F3C003CE997 /* Frameworks */,
				F62417E114D52F3C003CE997 /* Resources */,
				81E8A6A61D4C41E000916C7E /* Embed Frameworks */,
			);
			buildRules = (
			);
			dependencies = (
				81E8A6A11D4C41DA00916C7E /* PBXTargetDependency */,
			);
			name = TestChat;
			productName = TestChat;
			productReference = F62417E314D52F3C003CE997 /* TestChat.app */;
			productType = "com.apple.product-type.application";
		};
		F668C87F153E91210044DBAC /* SocketRocket-macOS */ = {
			isa = PBXNativeTarget;
			buildConfigurationList = F668C891153E91210044DBAC /* Build configuration list for PBXNativeTarget "SocketRocket-macOS" */;
			buildPhases = (
				F6396B85153E67EC00345B5E /* Sources */,
				F668C87C153E91210044DBAC /* Frameworks */,
				F668C87D153E91210044DBAC /* Headers */,
			);
			buildRules = (
			);
			dependencies = (
			);
			name = "SocketRocket-macOS";
			productName = SocketRocketOSX;
			productReference = F668C880153E91210044DBAC /* SocketRocket.framework */;
			productType = "com.apple.product-type.framework";
		};
		F6BDA801145900D200FE3253 /* SocketRocketTests-iOS */ = {
			isa = PBXNativeTarget;
			buildConfigurationList = F6BDA813145900D200FE3253 /* Build configuration list for PBXNativeTarget "SocketRocketTests-iOS" */;
			buildPhases = (
				F6BDA7FD145900D200FE3253 /* Sources */,
				F6BDA7FE145900D200FE3253 /* Frameworks */,
				F6BDA7FF145900D200FE3253 /* Resources */,
			);
			buildRules = (
			);
			dependencies = (
			);
			name = "SocketRocketTests-iOS";
			productName = SRWebSocketTests;
			productReference = F6BDA802145900D200FE3253 /* SocketRocketTests-iOS.xctest */;
			productType = "com.apple.product-type.bundle.unit-test";
		};
/* End PBXNativeTarget section */

/* Begin PBXProject section */
		F6B208241450F597009315AF /* Project object */ = {
			isa = PBXProject;
			attributes = {
				LastTestingUpgradeCheck = 0640;
				LastUpgradeCheck = 0800;
			};
			buildConfigurationList = F6B208271450F597009315AF /* Build configuration list for PBXProject "SocketRocket" */;
			compatibilityVersion = "Xcode 3.2";
			developmentRegion = English;
			hasScannedForEncodings = 0;
			knownRegions = (
				English,
				en,
			);
			mainGroup = F6B208221450F597009315AF;
			productRefGroup = F6B2082E1450F597009315AF /* Products */;
			projectDirPath = "";
			projectRoot = "";
			targets = (
				2D4227611BB4358C000C1A6C /* SocketRocket-iOS-Dynamic */,
				F668C87F153E91210044DBAC /* SocketRocket-macOS */,
				3345DC821C52ACD70083CCB8 /* SocketRocket-tvOS */,
				F6BDA801145900D200FE3253 /* SocketRocketTests-iOS */,
				F62417E214D52F3C003CE997 /* TestChat */,
			);
		};
/* End PBXProject section */

/* Begin PBXResourcesBuildPhase section */
		F62417E114D52F3C003CE997 /* Resources */ = {
			isa = PBXResourcesBuildPhase;
			buildActionMask = 2147483647;
			files = (
				F62417EF14D52F3C003CE997 /* InfoPlist.strings in Resources */,
				F62417F814D52F3C003CE997 /* MainStoryboard.storyboard in Resources */,
				F61A0DC81625F44D00365EBD /* Default-568h@2x.png in Resources */,
			);
			runOnlyForDeploymentPostprocessing = 0;
		};
		F6BDA7FF145900D200FE3253 /* Resources */ = {
			isa = PBXResourcesBuildPhase;
			buildActionMask = 2147483647;
			files = (
				8105E5281CDD98E100AA12DB /* autobahn_configuration.json in Resources */,
			);
			runOnlyForDeploymentPostprocessing = 0;
		};
/* End PBXResourcesBuildPhase section */

/* Begin PBXSourcesBuildPhase section */
		2D42275D1BB4358C000C1A6C /* Sources */ = {
			isa = PBXSourcesBuildPhase;
			buildActionMask = 2147483647;
			files = (
				DC0D64632D7835D700E6BF5C /* SRIOConsumer.m in Sources */,
				DC0D64642D7835D700E6BF5C /* SRIOConsumerPool.m in Sources */,
				81CD05DC1CEEC47300497F47 /* NSURLRequest+SRWebSocket.m in Sources */,
				DC0D644A2D7835C200E6BF5C /* SRConstants.m in Sources */,
				454FEA851D25719900073768 /* SRSecurityPolicy.m in Sources */,
				81CD06021CEEC65D00497F47 /* NSRunLoop+SRWebSocket.m in Sources */,
				2D4227851BB43734000C1A6C /* SRWebSocket.m in Sources */,
				DC0D64782D7835E700E6BF5C /* SRRunLoopThread.m in Sources */,
				DC0D646F2D7835DF00E6BF5C /* SRProxyConnect.m in Sources */,
				DC0D64962D7835F800E6BF5C /* SRURLUtilities.m in Sources */,
				DC0D64972D7835F800E6BF5C /* SRSIMDHelpers.m in Sources */,
				DC0D64982D7835F800E6BF5C /* SRHTTPConnectMessage.m in Sources */,
				DC0D64992D7835F800E6BF5C /* SRHash.m in Sources */,
				DC0D649A2D7835F800E6BF5C /* SRRandom.m in Sources */,
				DC0D649B2D7835F800E6BF5C /* SRMutex.m in Sources */,
				DC0D649C2D7835F800E6BF5C /* SRLog.m in Sources */,
				DC0D649D2D7835F800E6BF5C /* SRPinningSecurityPolicy.m in Sources */,
				DC0D649E2D7835F800E6BF5C /* SRError.m in Sources */,
				DC0D64562D7835CD00E6BF5C /* SRDelegateController.m in Sources */,
			);
			runOnlyForDeploymentPostprocessing = 0;
		};
		3345DC831C52ACD70083CCB8 /* Sources */ = {
			isa = PBXSourcesBuildPhase;
			buildActionMask = 2147483647;
			files = (
				DC0D64612D7835D700E6BF5C /* SRIOConsumer.m in Sources */,
				DC0D64622D7835D700E6BF5C /* SRIOConsumerPool.m in Sources */,
				81CD05DE1CEEC47300497F47 /* NSURLRequest+SRWebSocket.m in Sources */,
				DC0D644E2D7835C200E6BF5C /* SRConstants.m in Sources */,
				454FEA871D25719A00073768 /* SRSecurityPolicy.m in Sources */,
				81CD06041CEEC65D00497F47 /* NSRunLoop+SRWebSocket.m in Sources */,
				3345DC841C52ACD70083CCB8 /* SRWebSocket.m in Sources */,
				DC0D64762D7835E700E6BF5C /* SRRunLoopThread.m in Sources */,
				DC0D646E2D7835DF00E6BF5C /* SRProxyConnect.m in Sources */,
				DC0D64A82D7835F800E6BF5C /* SRURLUtilities.m in Sources */,
				DC0D64A92D7835F800E6BF5C /* SRSIMDHelpers.m in Sources */,
				DC0D64AA2D7835F800E6BF5C /* SRHTTPConnectMessage.m in Sources */,
				DC0D64AB2D7835F800E6BF5C /* SRHash.m in Sources */,
				DC0D64AC2D7835F800E6BF5C /* SRRandom.m in Sources */,
				DC0D64AD2D7835F800E6BF5C /* SRMutex.m in Sources */,
				DC0D64AE2D7835F800E6BF5C /* SRLog.m in Sources */,
				DC0D64AF2D7835F800E6BF5C /* SRPinningSecurityPolicy.m in Sources */,
				DC0D64B02D7835F800E6BF5C /* SRError.m in Sources */,
				DC0D645A2D7835CE00E6BF5C /* SRDelegateController.m in Sources */,
			);
			runOnlyForDeploymentPostprocessing = 0;
		};
		F62417DF14D52F3C003CE997 /* Sources */ = {
			isa = PBXSourcesBuildPhase;
			buildActionMask = 2147483647;
			files = (
				F62417F114D52F3C003CE997 /* main.m in Sources */,
				F62417F514D52F3C003CE997 /* TCAppDelegate.m in Sources */,
				F62417FB14D52F3C003CE997 /* TCViewController.m in Sources */,
				F624180114D5300C003CE997 /* TCChatCell.m in Sources */,
			);
			runOnlyForDeploymentPostprocessing = 0;
		};
		F6396B85153E67EC00345B5E /* Sources */ = {
			isa = PBXSourcesBuildPhase;
			buildActionMask = 2147483647;
			files = (
				DC0D64672D7835D700E6BF5C /* SRIOConsumer.m in Sources */,
				DC0D64682D7835D700E6BF5C /* SRIOConsumerPool.m in Sources */,
				81CD05DD1CEEC47300497F47 /* NSURLRequest+SRWebSocket.m in Sources */,
				DC0D64522D7835C200E6BF5C /* SRConstants.m in Sources */,
				454FEA861D25719A00073768 /* SRSecurityPolicy.m in Sources */,
				81CD06031CEEC65D00497F47 /* NSRunLoop+SRWebSocket.m in Sources */,
				F6396B86153E67EC00345B5E /* SRWebSocket.m in Sources */,
				DC0D647A2D7835E700E6BF5C /* SRRunLoopThread.m in Sources */,
				DC0D64712D7835DF00E6BF5C /* SRProxyConnect.m in Sources */,
				DC0D64BA2D7835F800E6BF5C /* SRURLUtilities.m in Sources */,
				DC0D64BB2D7835F800E6BF5C /* SRSIMDHelpers.m in Sources */,
				DC0D64BC2D7835F800E6BF5C /* SRHTTPConnectMessage.m in Sources */,
				DC0D64BD2D7835F800E6BF5C /* SRHash.m in Sources */,
				DC0D64BE2D7835F800E6BF5C /* SRRandom.m in Sources */,
				DC0D64BF2D7835F800E6BF5C /* SRMutex.m in Sources */,
				DC0D64C02D7835F800E6BF5C /* SRLog.m in Sources */,
				DC0D64C12D7835F800E6BF5C /* SRPinningSecurityPolicy.m in Sources */,
				DC0D64C22D7835F800E6BF5C /* SRError.m in Sources */,
				DC0D64582D7835CE00E6BF5C /* SRDelegateController.m in Sources */,
			);
			runOnlyForDeploymentPostprocessing = 0;
		};
		F6BDA7FD145900D200FE3253 /* Sources */ = {
			isa = PBXSourcesBuildPhase;
			buildActionMask = 2147483647;
			files = (
				8105E4AE1CDD6E6200AA12DB /* SRAutobahnOperation.m in Sources */,
				817996801CE184F40084DA37 /* SRAutobahnUtilities.m in Sources */,
				8105E4801CDD67B400AA12DB /* SRAutobahnTests.m in Sources */,
				8105E4821CDD67BD00AA12DB /* SRTWebSocketOperation.m in Sources */,
			);
			runOnlyForDeploymentPostprocessing = 0;
		};
/* End PBXSourcesBuildPhase section */

/* Begin PBXTargetDependency section */
		81E8A6A11D4C41DA00916C7E /* PBXTargetDependency */ = {
			isa = PBXTargetDependency;
			target = 2D4227611BB4358C000C1A6C /* SocketRocket-iOS-Dynamic */;
			targetProxy = 81E8A6A01D4C41DA00916C7E /* PBXContainerItemProxy */;
		};
/* End PBXTargetDependency section */

/* Begin PBXVariantGroup section */
		F62417ED14D52F3C003CE997 /* InfoPlist.strings */ = {
			isa = PBXVariantGroup;
			children = (
				F62417EE14D52F3C003CE997 /* en */,
			);
			name = InfoPlist.strings;
			sourceTree = "<group>";
		};
		F62417F614D52F3C003CE997 /* MainStoryboard.storyboard */ = {
			isa = PBXVariantGroup;
			children = (
				F62417F714D52F3C003CE997 /* en */,
			);
			name = MainStoryboard.storyboard;
			sourceTree = "<group>";
		};
/* End PBXVariantGroup section */

/* Begin XCBuildConfiguration section */
		2D4227681BB4358C000C1A6C /* Debug */ = {
			isa = XCBuildConfiguration;
			baseConfigurationReference = 81D647591D2CA6A100690609 /* SocketRocket-iOS-Dynamic.xcconfig */;
			buildSettings = {
				MTL_ENABLE_DEBUG_INFO = YES;
			};
			name = Debug;
		};
		2D4227691BB4358C000C1A6C /* Release */ = {
			isa = XCBuildConfiguration;
			baseConfigurationReference = 81D647591D2CA6A100690609 /* SocketRocket-iOS-Dynamic.xcconfig */;
			buildSettings = {
				MTL_ENABLE_DEBUG_INFO = NO;
			};
			name = Release;
		};
		3345DC8E1C52ACD70083CCB8 /* Debug */ = {
			isa = XCBuildConfiguration;
			baseConfigurationReference = 81D6475C1D2CA6A100690609 /* SocketRocket-tvOS.xcconfig */;
			buildSettings = {
				MTL_ENABLE_DEBUG_INFO = YES;
				TARGETED_DEVICE_FAMILY = 3;
			};
			name = Debug;
		};
		3345DC8F1C52ACD70083CCB8 /* Release */ = {
			isa = XCBuildConfiguration;
			baseConfigurationReference = 81D6475C1D2CA6A100690609 /* SocketRocket-tvOS.xcconfig */;
			buildSettings = {
				MTL_ENABLE_DEBUG_INFO = NO;
				TARGETED_DEVICE_FAMILY = 3;
			};
			name = Release;
		};
		F62417FD14D52F3C003CE997 /* Debug */ = {
			isa = XCBuildConfiguration;
			baseConfigurationReference = 81E8A69A1D4C417A00916C7E /* TestChat-iOS.xcconfig */;
			buildSettings = {
			};
			name = Debug;
		};
		F62417FE14D52F3C003CE997 /* Release */ = {
			isa = XCBuildConfiguration;
			baseConfigurationReference = 81E8A69A1D4C417A00916C7E /* TestChat-iOS.xcconfig */;
			buildSettings = {
			};
			name = Release;
		};
		F668C892153E91210044DBAC /* Debug */ = {
			isa = XCBuildConfiguration;
			baseConfigurationReference = 81D6475B1D2CA6A100690609 /* SocketRocket-macOS.xcconfig */;
			buildSettings = {
				COMBINE_HIDPI_IMAGES = YES;
			};
			name = Debug;
		};
		F668C893153E91210044DBAC /* Release */ = {
			isa = XCBuildConfiguration;
			baseConfigurationReference = 81D6475B1D2CA6A100690609 /* SocketRocket-macOS.xcconfig */;
			buildSettings = {
				COMBINE_HIDPI_IMAGES = YES;
			};
			name = Release;
		};
		F6B208381450F597009315AF /* Debug */ = {
			isa = XCBuildConfiguration;
			baseConfigurationReference = 81D647561D2CA6A100690609 /* Debug.xcconfig */;
			buildSettings = {
				ONLY_ACTIVE_ARCH = YES;
				SDKROOT = iphoneos;
			};
			name = Debug;
		};
		F6B208391450F597009315AF /* Release */ = {
			isa = XCBuildConfiguration;
			baseConfigurationReference = 81D647571D2CA6A100690609 /* Release.xcconfig */;
			buildSettings = {
				ONLY_ACTIVE_ARCH = NO;
				SDKROOT = iphoneos;
			};
			name = Release;
		};
		F6BDA811145900D200FE3253 /* Debug */ = {
			isa = XCBuildConfiguration;
			baseConfigurationReference = 81D6475D1D2CA6A100690609 /* SocketRocketTests-iOS.xcconfig */;
			buildSettings = {
			};
			name = Debug;
		};
		F6BDA812145900D200FE3253 /* Release */ = {
			isa = XCBuildConfiguration;
			baseConfigurationReference = 81D6475D1D2CA6A100690609 /* SocketRocketTests-iOS.xcconfig */;
			buildSettings = {
			};
			name = Release;
		};
/* End XCBuildConfiguration section */

/* Begin XCConfigurationList section */
		2D4227671BB4358C000C1A6C /* Build configuration list for PBXNativeTarget "SocketRocket-iOS-Dynamic" */ = {
			isa = XCConfigurationList;
			buildConfigurations = (
				2D4227681BB4358C000C1A6C /* Debug */,
				2D4227691BB4358C000C1A6C /* Release */,
			);
			defaultConfigurationIsVisible = 0;
			defaultConfigurationName = Release;
		};
		3345DC8D1C52ACD70083CCB8 /* Build configuration list for PBXNativeTarget "SocketRocket-tvOS" */ = {
			isa = XCConfigurationList;
			buildConfigurations = (
				3345DC8E1C52ACD70083CCB8 /* Debug */,
				3345DC8F1C52ACD70083CCB8 /* Release */,
			);
			defaultConfigurationIsVisible = 0;
			defaultConfigurationName = Release;
		};
		F62417FC14D52F3C003CE997 /* Build configuration list for PBXNativeTarget "TestChat" */ = {
			isa = XCConfigurationList;
			buildConfigurations = (
				F62417FD14D52F3C003CE997 /* Debug */,
				F62417FE14D52F3C003CE997 /* Release */,
			);
			defaultConfigurationIsVisible = 0;
			defaultConfigurationName = Release;
		};
		F668C891153E91210044DBAC /* Build configuration list for PBXNativeTarget "SocketRocket-macOS" */ = {
			isa = XCConfigurationList;
			buildConfigurations = (
				F668C892153E91210044DBAC /* Debug */,
				F668C893153E91210044DBAC /* Release */,
			);
			defaultConfigurationIsVisible = 0;
			defaultConfigurationName = Release;
		};
		F6B208271450F597009315AF /* Build configuration list for PBXProject "SocketRocket" */ = {
			isa = XCConfigurationList;
			buildConfigurations = (
				F6B208381450F597009315AF /* Debug */,
				F6B208391450F597009315AF /* Release */,
			);
			defaultConfigurationIsVisible = 0;
			defaultConfigurationName = Release;
		};
		F6BDA813145900D200FE3253 /* Build configuration list for PBXNativeTarget "SocketRocketTests-iOS" */ = {
			isa = XCConfigurationList;
			buildConfigurations = (
				F6BDA811145900D200FE3253 /* Debug */,
				F6BDA812145900D200FE3253 /* Release */,
			);
			defaultConfigurationIsVisible = 0;
			defaultConfigurationName = Release;
		};
/* End XCConfigurationList section */
	};
	rootObject = F6B208241450F597009315AF /* Project object */;
}
